# This file is automatically @generated by Cargo.
# It is not intended for manual editing.
version = 4

[[package]]
name = "ariadne"
version = "0.5.1"
source = "registry+https://github.com/rust-lang/crates.io-index"
checksum = "36f5e3dca4e09a6f340a61a0e9c7b61e030c69fc27bf29d73218f7e5e3b7638f"
dependencies = [
 "unicode-width",
 "yansi",
]

[[package]]
name = "devconf-ast"
version = "0.1.0"
dependencies = [
 "ariadne",
 "devconf-lexer",
 "devconf-nodes",
 "devconf-tychecker",
]

[[package]]
name = "devconf-lexer"
version = "0.1.0"
dependencies = [
 "ariadne",
 "winnow",
]

[[package]]
name = "devconf-nodes"
version = "0.1.0"
dependencies = [
 "devconf-lexer",
]

[[package]]
name = "devconf-rs"
version = "0.1.0"
dependencies = [
 "devconf-ast",
 "devconf-lexer",
]

[[package]]
name = "devconf-runtime"
version = "0.1.0"

[[package]]
name = "devconf-tychecker"
version = "0.1.0"
dependencies = [
 "devconf-lexer",
 "devconf-nodes",
]

[[package]]
name = "memchr"
version = "2.7.5"
source = "registry+https://github.com/rust-lang/crates.io-index"
checksum = "32a282da65faaf38286cf3be983213fcf1d2e2a58700e808f83f4ea9a4804bc0"

[[package]]
name = "unicode-width"
version = "0.1.14"
source = "registry+https://github.com/rust-lang/crates.io-index"
checksum = "7dd6e30e90baa6f72411720665d41d89b9a3d039dc45b8faea1ddd07f617f6af"

[[package]]
name = "winnow"
version = "0.7.11"
source = "registry+https://github.com/rust-lang/crates.io-index"
checksum = "74c7b26e3480b707944fc872477815d29a8e429d2f93a1ce000f5fa84a15cbcd"
dependencies = [
 "memchr",
]

[[package]]
name = "yansi"
version = "1.0.1"
source = "registry+https://github.com/rust-lang/crates.io-index"
checksum = "cfe53a6657fd280eaa890a3bc59152892ffa3e30101319d168b781ed6529b049"
